
Microsoft Visual Studio Solution File, Format Version 12.00
# Visual Studio Version 16
VisualStudioVersion = 16.0.31019.35
MinimumVisualStudioVersion = 10.0.40219.1
Project("{9A19103F-16F7-4668-BE54-9A1E7A4F7556}") = "BeaterLibrary", "..\BeaterLibrary\BeaterLibrary.csproj", "{D3E16CB9-5D0C-4F72-A48E-4C926983CA85}"
EndProject
Project("{9A19103F-16F7-4668-BE54-9A1E7A4F7556}") = "SwissArmyKnife", "SwissArmyKnife.csproj", "{C00DDDF5-992E-47B3-8F66-715730220F0F}"
EndProject
Global
	GlobalSection(SolutionConfigurationPlatforms) = preSolution
		Debug|Any CPU = Debug|Any CPU
		Release|Any CPU = Release|Any CPU
	EndGlobalSection
	GlobalSection(ProjectConfigurationPlatforms) = postSolution
		{D3E16CB9-5D0C-4F72-A48E-4C926983CA85}.Debug|Any CPU.ActiveCfg = Debug|Any CPU
		{D3E16CB9-5D0C-4F72-A48E-4C926983CA85}.Debug|Any CPU.Build.0 = Debug|Any CPU
		{D3E16CB9-5D0C-4F72-A48E-4C926983CA85}.Release|Any CPU.ActiveCfg = Release|Any CPU
		{D3E16CB9-5D0C-4F72-A48E-4C926983CA85}.Release|Any CPU.Build.0 = Release|Any CPU
		{C00DDDF5-992E-47B3-8F66-715730220F0F}.Debug|Any CPU.ActiveCfg = Debug|Any CPU
		{C00DDDF5-992E-47B3-8F66-715730220F0F}.Debug|Any CPU.Build.0 = Debug|Any CPU
		{C00DDDF5-992E-47B3-8F66-715730220F0F}.Release|Any CPU.ActiveCfg = Release|Any CPU
		{C00DDDF5-992E-47B3-8F66-715730220F0F}.Release|Any CPU.Build.0 = Release|Any CPU
	EndGlobalSection
	GlobalSection(SolutionProperties) = preSolution
		HideSolutionNode = FALSE
	EndGlobalSection
	GlobalSection(ExtensibilityGlobals) = postSolution
		SolutionGuid = {845851B9-94E2-4DC7-82F0-D08B45ED32EE}
	EndGlobalSection
EndGlobal
