
Microsoft Visual Studio Solution File, Format Version 12.00
# Visual Studio Version 16
VisualStudioVersion = 16.0.31019.35
MinimumVisualStudioVersion = 10.0.40219.1
Project("{9A19103F-16F7-4668-BE54-9A1E7A4F7556}") = "SwissArmyKnife.Avalonia", "SwissArmyKnife.Avalonia.csproj", "{ECFFF592-B177-44C1-820A-B085DE4788C0}"
EndProject
Project("{9A19103F-16F7-4668-BE54-9A1E7A4F7556}") = "BeaterLibrary", "..\BeaterLibrary\BeaterLibrary.csproj", "{64D08D87-3E35-4646-ABA6-45BDE4FF7ECA}"
EndProject
Project("{2150E333-8FDC-42A3-9474-1A3956D46DE8}") = "Solution Items", "Solution Items", "{3B7E414C-8F10-4D07-B644-52D13B46DDDF}"
	ProjectSection(SolutionItems) = preProject
		.editorconfig = .editorconfig
	EndProjectSection
EndProject
Project("{FAE04EC0-301F-11D3-BF4B-00C04F79EFBC}") = "Hotswap", "..\Hotswap\Hotswap.csproj", "{A9C3B44D-3AF1-416F-A2B2-3AE93B50B28F}"
EndProject
Project("{FAE04EC0-301F-11D3-BF4B-00C04F79EFBC}") = "NitroSharp", "..\NitroSharp\NitroSharp.csproj", "{8035A4B2-A497-4594-91DA-5E962A949117}"
EndProject
Global
	GlobalSection(SolutionConfigurationPlatforms) = preSolution
		Debug|Any CPU = Debug|Any CPU
		Release|Any CPU = Release|Any CPU
	EndGlobalSection
	GlobalSection(ProjectConfigurationPlatforms) = postSolution
		{ECFFF592-B177-44C1-820A-B085DE4788C0}.Debug|Any CPU.ActiveCfg = Debug|Any CPU
		{ECFFF592-B177-44C1-820A-B085DE4788C0}.Debug|Any CPU.Build.0 = Debug|Any CPU
		{ECFFF592-B177-44C1-820A-B085DE4788C0}.Release|Any CPU.ActiveCfg = Release|Any CPU
		{ECFFF592-B177-44C1-820A-B085DE4788C0}.Release|Any CPU.Build.0 = Release|Any CPU
		{64D08D87-3E35-4646-ABA6-45BDE4FF7ECA}.Debug|Any CPU.ActiveCfg = Debug|Any CPU
		{64D08D87-3E35-4646-ABA6-45BDE4FF7ECA}.Debug|Any CPU.Build.0 = Debug|Any CPU
		{64D08D87-3E35-4646-ABA6-45BDE4FF7ECA}.Release|Any CPU.ActiveCfg = Release|Any CPU
		{64D08D87-3E35-4646-ABA6-45BDE4FF7ECA}.Release|Any CPU.Build.0 = Release|Any CPU
		{A9C3B44D-3AF1-416F-A2B2-3AE93B50B28F}.Debug|Any CPU.ActiveCfg = Debug|Any CPU
		{A9C3B44D-3AF1-416F-A2B2-3AE93B50B28F}.Debug|Any CPU.Build.0 = Debug|Any CPU
		{A9C3B44D-3AF1-416F-A2B2-3AE93B50B28F}.Release|Any CPU.ActiveCfg = Release|Any CPU
		{A9C3B44D-3AF1-416F-A2B2-3AE93B50B28F}.Release|Any CPU.Build.0 = Release|Any CPU
		{8035A4B2-A497-4594-91DA-5E962A949117}.Debug|Any CPU.ActiveCfg = Debug|Any CPU
		{8035A4B2-A497-4594-91DA-5E962A949117}.Debug|Any CPU.Build.0 = Debug|Any CPU
		{8035A4B2-A497-4594-91DA-5E962A949117}.Release|Any CPU.ActiveCfg = Release|Any CPU
		{8035A4B2-A497-4594-91DA-5E962A949117}.Release|Any CPU.Build.0 = Release|Any CPU
	EndGlobalSection
	GlobalSection(SolutionProperties) = preSolution
		HideSolutionNode = FALSE
	EndGlobalSection
	GlobalSection(ExtensibilityGlobals) = postSolution
		SolutionGuid = {DF58AF4C-8362-489E-8A10-BFB85F8BD391}
	EndGlobalSection
EndGlobal
